
Microsoft Visual Studio Solution File, Format Version 12.00
# Visual Studio Version 17
VisualStudioVersion = 17.2.32616.157
MinimumVisualStudioVersion = 10.0.40219.1
Project("{2150E333-8FDC-42A3-9474-1A3956D46DE8}") = "src", "src", "{89BEAFE6-E525-498F-AD43-6E787A30F637}"
EndProject
Project("{9A19103F-16F7-4668-BE54-9A1E7A4F7556}") = "Artemis.ConsoleUI", "Artemis.ConsoleUI\Artemis.ConsoleUI.csproj", "{FD72F913-A15F-428F-9E04-94AF952D6E26}"
EndProject
Project("{9A19103F-16F7-4668-BE54-9A1E7A4F7556}") = "Artemis.DomainProvider", "Artemis.DomainProvider\Artemis.DomainProvider.csproj", "{3807217D-A162-454C-A1B3-310FC9BB55FF}"
EndProject
Project("{9A19103F-16F7-4668-BE54-9A1E7A4F7556}") = "Artemis.Domain", "Artemis.Domain\Artemis.Domain.csproj", "{B915F5F2-FED1-4F3F-BC56-4301035AB575}"
EndProject
Project("{2150E333-8FDC-42A3-9474-1A3956D46DE8}") = "test", "test", "{66F0F73E-91D8-4B69-A372-9E877CF1C0E9}"
EndProject
Project("{9A19103F-16F7-4668-BE54-9A1E7A4F7556}") = "Artemis.TestScenario", "Artemis.TestScenario\Artemis.TestScenario.csproj", "{64F4D805-1E00-4F0E-9687-0675589F2DB5}"
EndProject
Project("{2150E333-8FDC-42A3-9474-1A3956D46DE8}") = "Projects", "Projects", "{BB0DE1C1-46BF-4A19-8856-8C6C03C478A4}"
EndProject
Project("{2150E333-8FDC-42A3-9474-1A3956D46DE8}") = "tests", "tests", "{0BD7633E-F698-4351-83D3-D723B03E6906}"
EndProject
Project("{FAE04EC0-301F-11D3-BF4B-00C04F79EFBC}") = "Artemis.Common", "Artemis.Common\Artemis.Common.csproj", "{FAF9DBC4-8025-45A4-8DC3-4264A9CFAFCE}"
EndProject
Global
	GlobalSection(SolutionConfigurationPlatforms) = preSolution
		Debug|Any CPU = Debug|Any CPU
		Release|Any CPU = Release|Any CPU
	EndGlobalSection
	GlobalSection(ProjectConfigurationPlatforms) = postSolution
		{FD72F913-A15F-428F-9E04-94AF952D6E26}.Debug|Any CPU.ActiveCfg = Debug|Any CPU
		{FD72F913-A15F-428F-9E04-94AF952D6E26}.Debug|Any CPU.Build.0 = Debug|Any CPU
		{FD72F913-A15F-428F-9E04-94AF952D6E26}.Release|Any CPU.ActiveCfg = Release|Any CPU
		{FD72F913-A15F-428F-9E04-94AF952D6E26}.Release|Any CPU.Build.0 = Release|Any CPU
		{3807217D-A162-454C-A1B3-310FC9BB55FF}.Debug|Any CPU.ActiveCfg = Debug|Any CPU
		{3807217D-A162-454C-A1B3-310FC9BB55FF}.Debug|Any CPU.Build.0 = Debug|Any CPU
		{3807217D-A162-454C-A1B3-310FC9BB55FF}.Release|Any CPU.ActiveCfg = Release|Any CPU
		{3807217D-A162-454C-A1B3-310FC9BB55FF}.Release|Any CPU.Build.0 = Release|Any CPU
		{B915F5F2-FED1-4F3F-BC56-4301035AB575}.Debug|Any CPU.ActiveCfg = Debug|Any CPU
		{B915F5F2-FED1-4F3F-BC56-4301035AB575}.Debug|Any CPU.Build.0 = Debug|Any CPU
		{B915F5F2-FED1-4F3F-BC56-4301035AB575}.Release|Any CPU.ActiveCfg = Release|Any CPU
		{B915F5F2-FED1-4F3F-BC56-4301035AB575}.Release|Any CPU.Build.0 = Release|Any CPU
		{64F4D805-1E00-4F0E-9687-0675589F2DB5}.Debug|Any CPU.ActiveCfg = Debug|Any CPU
		{64F4D805-1E00-4F0E-9687-0675589F2DB5}.Debug|Any CPU.Build.0 = Debug|Any CPU
		{64F4D805-1E00-4F0E-9687-0675589F2DB5}.Release|Any CPU.ActiveCfg = Release|Any CPU
		{64F4D805-1E00-4F0E-9687-0675589F2DB5}.Release|Any CPU.Build.0 = Release|Any CPU
		{FAF9DBC4-8025-45A4-8DC3-4264A9CFAFCE}.Debug|Any CPU.ActiveCfg = Debug|Any CPU
		{FAF9DBC4-8025-45A4-8DC3-4264A9CFAFCE}.Debug|Any CPU.Build.0 = Debug|Any CPU
		{FAF9DBC4-8025-45A4-8DC3-4264A9CFAFCE}.Release|Any CPU.ActiveCfg = Release|Any CPU
		{FAF9DBC4-8025-45A4-8DC3-4264A9CFAFCE}.Release|Any CPU.Build.0 = Release|Any CPU
	EndGlobalSection
	GlobalSection(SolutionProperties) = preSolution
		HideSolutionNode = FALSE
	EndGlobalSection
	GlobalSection(NestedProjects) = preSolution
		{FD72F913-A15F-428F-9E04-94AF952D6E26} = {BB0DE1C1-46BF-4A19-8856-8C6C03C478A4}
		{3807217D-A162-454C-A1B3-310FC9BB55FF} = {BB0DE1C1-46BF-4A19-8856-8C6C03C478A4}
		{B915F5F2-FED1-4F3F-BC56-4301035AB575} = {BB0DE1C1-46BF-4A19-8856-8C6C03C478A4}
		{64F4D805-1E00-4F0E-9687-0675589F2DB5} = {0BD7633E-F698-4351-83D3-D723B03E6906}
		{BB0DE1C1-46BF-4A19-8856-8C6C03C478A4} = {89BEAFE6-E525-498F-AD43-6E787A30F637}
		{0BD7633E-F698-4351-83D3-D723B03E6906} = {66F0F73E-91D8-4B69-A372-9E877CF1C0E9}
		{FAF9DBC4-8025-45A4-8DC3-4264A9CFAFCE} = {BB0DE1C1-46BF-4A19-8856-8C6C03C478A4}
	EndGlobalSection
	GlobalSection(ExtensibilityGlobals) = postSolution
		SolutionGuid = {647CCA7B-5B19-4910-90B2-AF229A593E51}
	EndGlobalSection
EndGlobal
